
Microsoft Visual Studio Solution File, Format Version 12.00
# Visual Studio Version 16
VisualStudioVersion = 16.0.29709.97
MinimumVisualStudioVersion = 10.0.40219.1
Project("{FAE04EC0-301F-11D3-BF4B-00C04F79EFBC}") = "Employees", "Employees.csproj", "{29189D77-EE1F-406E-9B9C-50C0B4CE9474}"
EndProject
Project("{FAE04EC0-301F-11D3-BF4B-00C04F79EFBC}") = "Employees.Service", "..\Employees.Service\Employees.Service.csproj", "{0447A743-494B-4C53-B2AD-0B1C3BB180D5}"
EndProject
Project("{FAE04EC0-301F-11D3-BF4B-00C04F79EFBC}") = "Employees.Shared", "..\Employees.Shared\Employees.Shared.csproj", "{F6C328EB-1CB6-4B44-B136-A823B204BC10}"
EndProject
Project("{9A19103F-16F7-4668-BE54-9A1E7A4F7556}") = "Employees.UnitTest", "..\Employee.UnitTest\Employees.UnitTest.csproj", "{B005469D-3DB6-481A-8AA6-5AB532C603C3}"
EndProject
Project("{FAE04EC0-301F-11D3-BF4B-00C04F79EFBC}") = "TestHelpers", "..\TestHelpers\TestHelpers.csproj", "{71727999-26B6-40EE-9A38-2421F2812711}"
EndProject
Project("{9A19103F-16F7-4668-BE54-9A1E7A4F7556}") = "Employees.Shared.UnitTest", "..\Employees.Shared.UnitTest\Employees.Shared.UnitTest.csproj", "{A31082E9-4CEF-45E5-A608-890514536C60}"
EndProject
Project("{FAE04EC0-301F-11D3-BF4B-00C04F79EFBC}") = "Employees.Repository", "..\Employees.Repository\Employees.Repository.csproj", "{07693873-99A9-457F-9902-78BE1A85F854}"
EndProject
Global
	GlobalSection(SolutionConfigurationPlatforms) = preSolution
		Debug|Any CPU = Debug|Any CPU
		Release|Any CPU = Release|Any CPU
	EndGlobalSection
	GlobalSection(ProjectConfigurationPlatforms) = postSolution
		{29189D77-EE1F-406E-9B9C-50C0B4CE9474}.Debug|Any CPU.ActiveCfg = Debug|Any CPU
		{29189D77-EE1F-406E-9B9C-50C0B4CE9474}.Debug|Any CPU.Build.0 = Debug|Any CPU
		{29189D77-EE1F-406E-9B9C-50C0B4CE9474}.Release|Any CPU.ActiveCfg = Release|Any CPU
		{29189D77-EE1F-406E-9B9C-50C0B4CE9474}.Release|Any CPU.Build.0 = Release|Any CPU
		{0447A743-494B-4C53-B2AD-0B1C3BB180D5}.Debug|Any CPU.ActiveCfg = Debug|Any CPU
		{0447A743-494B-4C53-B2AD-0B1C3BB180D5}.Debug|Any CPU.Build.0 = Debug|Any CPU
		{0447A743-494B-4C53-B2AD-0B1C3BB180D5}.Release|Any CPU.ActiveCfg = Release|Any CPU
		{0447A743-494B-4C53-B2AD-0B1C3BB180D5}.Release|Any CPU.Build.0 = Release|Any CPU
		{F6C328EB-1CB6-4B44-B136-A823B204BC10}.Debug|Any CPU.ActiveCfg = Debug|Any CPU
		{F6C328EB-1CB6-4B44-B136-A823B204BC10}.Debug|Any CPU.Build.0 = Debug|Any CPU
		{F6C328EB-1CB6-4B44-B136-A823B204BC10}.Release|Any CPU.ActiveCfg = Release|Any CPU
		{F6C328EB-1CB6-4B44-B136-A823B204BC10}.Release|Any CPU.Build.0 = Release|Any CPU
		{B005469D-3DB6-481A-8AA6-5AB532C603C3}.Debug|Any CPU.ActiveCfg = Debug|Any CPU
		{B005469D-3DB6-481A-8AA6-5AB532C603C3}.Debug|Any CPU.Build.0 = Debug|Any CPU
		{B005469D-3DB6-481A-8AA6-5AB532C603C3}.Release|Any CPU.ActiveCfg = Release|Any CPU
		{B005469D-3DB6-481A-8AA6-5AB532C603C3}.Release|Any CPU.Build.0 = Release|Any CPU
		{71727999-26B6-40EE-9A38-2421F2812711}.Debug|Any CPU.ActiveCfg = Debug|Any CPU
		{71727999-26B6-40EE-9A38-2421F2812711}.Debug|Any CPU.Build.0 = Debug|Any CPU
		{71727999-26B6-40EE-9A38-2421F2812711}.Release|Any CPU.ActiveCfg = Release|Any CPU
		{71727999-26B6-40EE-9A38-2421F2812711}.Release|Any CPU.Build.0 = Release|Any CPU
		{A31082E9-4CEF-45E5-A608-890514536C60}.Debug|Any CPU.ActiveCfg = Debug|Any CPU
		{A31082E9-4CEF-45E5-A608-890514536C60}.Debug|Any CPU.Build.0 = Debug|Any CPU
		{A31082E9-4CEF-45E5-A608-890514536C60}.Release|Any CPU.ActiveCfg = Release|Any CPU
		{A31082E9-4CEF-45E5-A608-890514536C60}.Release|Any CPU.Build.0 = Release|Any CPU
		{07693873-99A9-457F-9902-78BE1A85F854}.Debug|Any CPU.ActiveCfg = Debug|Any CPU
		{07693873-99A9-457F-9902-78BE1A85F854}.Debug|Any CPU.Build.0 = Debug|Any CPU
		{07693873-99A9-457F-9902-78BE1A85F854}.Release|Any CPU.ActiveCfg = Release|Any CPU
		{07693873-99A9-457F-9902-78BE1A85F854}.Release|Any CPU.Build.0 = Release|Any CPU
	EndGlobalSection
	GlobalSection(SolutionProperties) = preSolution
		HideSolutionNode = FALSE
	EndGlobalSection
	GlobalSection(ExtensibilityGlobals) = postSolution
		SolutionGuid = {0BEE4ED9-ECE5-4C4E-B71B-A735418CB3A1}
	EndGlobalSection
EndGlobal
